
Microsoft Visual Studio Solution File, Format Version 12.00
# Visual Studio 15
VisualStudioVersion = 15.0.27428.2011
MinimumVisualStudioVersion = 10.0.40219.1
Project("{FAE04EC0-301F-11D3-BF4B-00C04F79EFBC}") = "CSharp Lab 4", "CSharp Lab 4\CSharp Lab 4.csproj", "{BBE26114-187A-4066-9812-9755C0FD765E}"
EndProject
Global
	GlobalSection(SolutionConfigurationPlatforms) = preSolution
		Debug|Any CPU = Debug|Any CPU
		Release|Any CPU = Release|Any CPU
	EndGlobalSection
	GlobalSection(ProjectConfigurationPlatforms) = postSolution
		{BBE26114-187A-4066-9812-9755C0FD765E}.Debug|Any CPU.ActiveCfg = Debug|Any CPU
		{BBE26114-187A-4066-9812-9755C0FD765E}.Debug|Any CPU.Build.0 = Debug|Any CPU
		{BBE26114-187A-4066-9812-9755C0FD765E}.Release|Any CPU.ActiveCfg = Release|Any CPU
		{BBE26114-187A-4066-9812-9755C0FD765E}.Release|Any CPU.Build.0 = Release|Any CPU
	EndGlobalSection
	GlobalSection(SolutionProperties) = preSolution
		HideSolutionNode = FALSE
	EndGlobalSection
	GlobalSection(ExtensibilityGlobals) = postSolution
		SolutionGuid = {F66A2F42-8591-45D1-8B68-7A5136D48B44}
	EndGlobalSection
EndGlobal
